# pinned by scripts/hpc/prefetch_models.py — commit this file
deepseek_v4_flash: 60d8d70770c6776ff598c94bb586a859a38244f1
gemma_4_26b_a4b: 4d7ae4984b7db7de8f8457170b3f1a419ee76d52
gemma_4_e4b: ee0ef6023621cff504d758262d4e04895a5af4a2
gpt_oss_120b: b5c939de8f754692c1647ca79fbf85e8c1e70f8a
gpt_oss_20b: 6cee5e81ee83917806bbde320786a8fb61efebee
minimax_m2_5: f710177d938eff80b684d42c5aa84b382612f21f
ministral_3_3b: b35d4dfe56c142746f54dbd64f579faab2744308
mistral_small_3_2_24b: 95a6d26c4bfb886c58daf9d3f7332c857cb27b43
qwen_3_5_122b: dc4d348443bc740c68e2d77492492c11606384d5
qwen_3_5_9b: c202236235762e1c871ad0ccb60c8ee5ba337b9a
qwen_3_6_27b: 6a9e13bd6fc8f0983b9b99948120bc37f49c13e9
